
Microsoft Visual Studio Solution File, Format Version 12.00
# Visual Studio Version 17
VisualStudioVersion = 17.2.32602.215
MinimumVisualStudioVersion = 10.0.40219.1
Project("{FAE04EC0-301F-11D3-BF4B-00C04F79EFBC}") = "api", "api\api.csproj", "{B4F62989-E93E-47CE-B7EF-DEACC93780CB}"
EndProject
Global
	GlobalSection(SolutionConfigurationPlatforms) = preSolution
		Debug|Any CPU = Debug|Any CPU
		Release|Any CPU = Release|Any CPU
	EndGlobalSection
	GlobalSection(ProjectConfigurationPlatforms) = postSolution
		{B4F62989-E93E-47CE-B7EF-DEACC93780CB}.Debug|Any CPU.ActiveCfg = Debug|Any CPU
		{B4F62989-E93E-47CE-B7EF-DEACC93780CB}.Debug|Any CPU.Build.0 = Debug|Any CPU
		{B4F62989-E93E-47CE-B7EF-DEACC93780CB}.Release|Any CPU.ActiveCfg = Release|Any CPU
		{B4F62989-E93E-47CE-B7EF-DEACC93780CB}.Release|Any CPU.Build.0 = Release|Any CPU
	EndGlobalSection
	GlobalSection(SolutionProperties) = preSolution
		HideSolutionNode = FALSE
	EndGlobalSection
	GlobalSection(ExtensibilityGlobals) = postSolution
		SolutionGuid = {248F98C8-0580-4FBD-9B5B-836DCF174F83}
	EndGlobalSection
EndGlobal
